
Microsoft Visual Studio Solution File, Format Version 12.00
Project("{FAE04EC0-301F-11D3-BF4B-00C04F79EFBC}") = "MyBlog", "MyBlog\MyBlog.csproj", "{C3BD1496-F29D-48A6-86AB-1D29CF1CB043}"
EndProject
Project("{FAE04EC0-301F-11D3-BF4B-00C04F79EFBC}") = "BLL", "BLL\BLL.csproj", "{5606E728-96D2-43F4-9FE8-2C0C1847FA99}"
EndProject
Project("{FAE04EC0-301F-11D3-BF4B-00C04F79EFBC}") = "Models", "Models\Models.csproj", "{1D18EE2F-8F37-42F1-B180-EAB5FB2E703F}"
EndProject
Project("{FAE04EC0-301F-11D3-BF4B-00C04F79EFBC}") = "DAL", "DAL\DAL.csproj", "{79B6FB8E-BD01-4481-B283-01F0A1D0FE1E}"
EndProject
Project("{FAE04EC0-301F-11D3-BF4B-00C04F79EFBC}") = "Core", "Core\Core.csproj", "{10B1D99A-2771-40DB-8F1F-D875E2000E2A}"
EndProject
Global
	GlobalSection(SolutionConfigurationPlatforms) = preSolution
		Debug|Any CPU = Debug|Any CPU
		Release|Any CPU = Release|Any CPU
	EndGlobalSection
	GlobalSection(ProjectConfigurationPlatforms) = postSolution
		{C3BD1496-F29D-48A6-86AB-1D29CF1CB043}.Debug|Any CPU.ActiveCfg = Debug|Any CPU
		{C3BD1496-F29D-48A6-86AB-1D29CF1CB043}.Debug|Any CPU.Build.0 = Debug|Any CPU
		{C3BD1496-F29D-48A6-86AB-1D29CF1CB043}.Release|Any CPU.ActiveCfg = Release|Any CPU
		{C3BD1496-F29D-48A6-86AB-1D29CF1CB043}.Release|Any CPU.Build.0 = Release|Any CPU
		{5606E728-96D2-43F4-9FE8-2C0C1847FA99}.Debug|Any CPU.ActiveCfg = Debug|Any CPU
		{5606E728-96D2-43F4-9FE8-2C0C1847FA99}.Debug|Any CPU.Build.0 = Debug|Any CPU
		{5606E728-96D2-43F4-9FE8-2C0C1847FA99}.Release|Any CPU.ActiveCfg = Release|Any CPU
		{5606E728-96D2-43F4-9FE8-2C0C1847FA99}.Release|Any CPU.Build.0 = Release|Any CPU
		{1D18EE2F-8F37-42F1-B180-EAB5FB2E703F}.Debug|Any CPU.ActiveCfg = Debug|Any CPU
		{1D18EE2F-8F37-42F1-B180-EAB5FB2E703F}.Debug|Any CPU.Build.0 = Debug|Any CPU
		{1D18EE2F-8F37-42F1-B180-EAB5FB2E703F}.Release|Any CPU.ActiveCfg = Release|Any CPU
		{1D18EE2F-8F37-42F1-B180-EAB5FB2E703F}.Release|Any CPU.Build.0 = Release|Any CPU
		{79B6FB8E-BD01-4481-B283-01F0A1D0FE1E}.Debug|Any CPU.ActiveCfg = Debug|Any CPU
		{79B6FB8E-BD01-4481-B283-01F0A1D0FE1E}.Debug|Any CPU.Build.0 = Debug|Any CPU
		{79B6FB8E-BD01-4481-B283-01F0A1D0FE1E}.Release|Any CPU.ActiveCfg = Release|Any CPU
		{79B6FB8E-BD01-4481-B283-01F0A1D0FE1E}.Release|Any CPU.Build.0 = Release|Any CPU
		{10B1D99A-2771-40DB-8F1F-D875E2000E2A}.Debug|Any CPU.ActiveCfg = Debug|Any CPU
		{10B1D99A-2771-40DB-8F1F-D875E2000E2A}.Debug|Any CPU.Build.0 = Debug|Any CPU
		{10B1D99A-2771-40DB-8F1F-D875E2000E2A}.Release|Any CPU.ActiveCfg = Release|Any CPU
		{10B1D99A-2771-40DB-8F1F-D875E2000E2A}.Release|Any CPU.Build.0 = Release|Any CPU
	EndGlobalSection
EndGlobal
